
Microsoft Visual Studio Solution File, Format Version 12.00
# Visual Studio Version 17
VisualStudioVersion = 17.3.32825.248
MinimumVisualStudioVersion = 10.0.40219.1
Project("{FAE04EC0-301F-11D3-BF4B-00C04F79EFBC}") = "DesignView", "DesignView\DesignView.csproj", "{FF29F5D1-471C-4558-9C9B-9306D0417D3B}"
EndProject
Global
	GlobalSection(SolutionConfigurationPlatforms) = preSolution
		Debug|Any CPU = Debug|Any CPU
		Release|Any CPU = Release|Any CPU
	EndGlobalSection
	GlobalSection(ProjectConfigurationPlatforms) = postSolution
		{FF29F5D1-471C-4558-9C9B-9306D0417D3B}.Debug|Any CPU.ActiveCfg = Debug|Any CPU
		{FF29F5D1-471C-4558-9C9B-9306D0417D3B}.Debug|Any CPU.Build.0 = Debug|Any CPU
		{FF29F5D1-471C-4558-9C9B-9306D0417D3B}.Release|Any CPU.ActiveCfg = Release|Any CPU
		{FF29F5D1-471C-4558-9C9B-9306D0417D3B}.Release|Any CPU.Build.0 = Release|Any CPU
	EndGlobalSection
	GlobalSection(SolutionProperties) = preSolution
		HideSolutionNode = FALSE
	EndGlobalSection
	GlobalSection(ExtensibilityGlobals) = postSolution
		SolutionGuid = {BCF0D589-047A-4B4B-BBB7-A9BFC6CFD50A}
	EndGlobalSection
EndGlobal
